
Microsoft Visual Studio Solution File, Format Version 12.00
# Visual Studio Version 16
VisualStudioVersion = 16.0.33027.164
MinimumVisualStudioVersion = 10.0.40219.1
Project("{FAE04EC0-301F-11D3-BF4B-00C04F79EFBC}") = "DataCenterProjectTest", "DataCenterProjectTest\DataCenterProjectTest.csproj", "{277B9E7E-4866-460D-864B-3707F2F91B6B}"
EndProject
Global
	GlobalSection(SolutionConfigurationPlatforms) = preSolution
		Debug|Any CPU = Debug|Any CPU
		Release|Any CPU = Release|Any CPU
	EndGlobalSection
	GlobalSection(ProjectConfigurationPlatforms) = postSolution
		{277B9E7E-4866-460D-864B-3707F2F91B6B}.Debug|Any CPU.ActiveCfg = Debug|Any CPU
		{277B9E7E-4866-460D-864B-3707F2F91B6B}.Debug|Any CPU.Build.0 = Debug|Any CPU
		{277B9E7E-4866-460D-864B-3707F2F91B6B}.Release|Any CPU.ActiveCfg = Release|Any CPU
		{277B9E7E-4866-460D-864B-3707F2F91B6B}.Release|Any CPU.Build.0 = Release|Any CPU
	EndGlobalSection
	GlobalSection(SolutionProperties) = preSolution
		HideSolutionNode = FALSE
	EndGlobalSection
	GlobalSection(ExtensibilityGlobals) = postSolution
		SolutionGuid = {D8168643-3E91-4EA3-BAB0-8D1B2FFF25AF}
	EndGlobalSection
EndGlobal
